// !$*UTF8*$!
{
	archiveVersion = 1;
	classes = {
	};
	objectVersion = 46;
	objects = {

/* Begin PBXBuildFile section */
		5817F1251A9D7BDB00B3A0A1 /* main.m in Sources */ = {isa = PBXBuildFile; fileRef = 5817F1241A9D7BDB00B3A0A1 /* main.m */; };
		5817F1281A9D7BDB00B3A0A1 /* AppDelegate.m in Sources */ = {isa = PBXBuildFile; fileRef = 5817F1271A9D7BDB00B3A0A1 /* AppDelegate.m */; };
		5817F12B1A9D7BDB00B3A0A1 /* MainViewController.m in Sources */ = {isa = PBXBuildFile; fileRef = 5817F12A1A9D7BDB00B3A0A1 /* MainViewController.m */; };
		5817F12E1A9D7BDB00B3A0A1 /* Main.storyboard in Resources */ = {isa = PBXBuildFile; fileRef = 5817F12C1A9D7BDB00B3A0A1 /* Main.storyboard */; };
		5817F1301A9D7BDB00B3A0A1 /* Images.xcassets in Resources */ = {isa = PBXBuildFile; fileRef = 5817F12F1A9D7BDB00B3A0A1 /* Images.xcassets */; };
		5817F13F1A9D7BDB00B3A0A1 /* PocketToolsTests.m in Sources */ = {isa = PBXBuildFile; fileRef = 5817F13E1A9D7BDB00B3A0A1 /* PocketToolsTests.m */; };
/* End PBXBuildFile section */

/* Begin PBXContainerItemProxy section */
		5817F1391A9D7BDB00B3A0A1 /* PBXContainerItemProxy */ = {
			isa = PBXContainerItemProxy;
			containerPortal = 5817F1171A9D7BDB00B3A0A1 /* Project object */;
			proxyType = 1;
			remoteGlobalIDString = 5817F11E1A9D7BDB00B3A0A1;
			remoteInfo = PocketTools;
		};
/* End PBXContainerItemProxy section */

/* Begin PBXFileReference section */
		5817F11F1A9D7BDB00B3A0A1 /* PocketTools.app */ = {isa = PBXFileReference; explicitFileType = wrapper.application; includeInIndex = 0; path = PocketTools.app; sourceTree = BUILT_PRODUCTS_DIR; };
		5817F1231A9D7BDB00B3A0A1 /* Info.plist */ = {isa = PBXFileReference; lastKnownFileType = text.plist.xml; path = Info.plist; sourceTree = "<group>"; };
		5817F1241A9D7BDB00B3A0A1 /* main.m */ = {isa = PBXFileReference; lastKnownFileType = sourcecode.c.objc; path = main.m; sourceTree = "<group>"; };
		5817F1261A9D7BDB00B3A0A1 /* AppDelegate.h */ = {isa = PBXFileReference; lastKnownFileType = sourcecode.c.h; path = AppDelegate.h; sourceTree = "<group>"; };
		5817F1271A9D7BDB00B3A0A1 /* AppDelegate.m */ = {isa = PBXFileReference; lastKnownFileType = sourcecode.c.objc; path = AppDelegate.m; sourceTree = "<group>"; };
		5817F1291A9D7BDB00B3A0A1 /* MainViewController.h */ = {isa = PBXFileReference; lastKnownFileType = sourcecode.c.h; path = MainViewController.h; sourceTree = "<group>"; };
		5817F12A1A9D7BDB00B3A0A1 /* MainViewController.m */ = {isa = PBXFileReference; lastKnownFileType = sourcecode.c.objc; path = MainViewController.m; sourceTree = "<group>"; };
		5817F12D1A9D7BDB00B3A0A1 /* Base */ = {isa = PBXFileReference; lastKnownFileType = file.storyboard; name = Base; path = Base.lproj/Main.storyboard; sourceTree = "<group>"; };
		5817F12F1A9D7BDB00B3A0A1 /* Images.xcassets */ = {isa = PBXFileReference; lastKnownFileType = folder.assetcatalog; path = Images.xcassets; sourceTree = "<group>"; };
		5817F1381A9D7BDB00B3A0A1 /* PocketToolsTests.xctest */ = {isa = PBXFileReference; explicitFileType = wrapper.cfbundle; includeInIndex = 0; path = PocketToolsTests.xctest; sourceTree = BUILT_PRODUCTS_DIR; };
		5817F13D1A9D7BDB00B3A0A1 /* Info.plist */ = {isa = PBXFileReference; lastKnownFileType = text.plist.xml; path = Info.plist; sourceTree = "<group>"; };
		5817F13E1A9D7BDB00B3A0A1 /* PocketToolsTests.m */ = {isa = PBXFileReference; lastKnownFileType = sourcecode.c.objc; path = PocketToolsTests.m; sourceTree = "<group>"; };
/* End PBXFileReference section */

/* Begin PBXFrameworksBuildPhase section */
		5817F11C1A9D7BDB00B3A0A1 /* Frameworks */ = {
			isa = PBXFrameworksBuildPhase;
			buildActionMask = 2147483647;
			files = (
			);
			runOnlyForDeploymentPostprocessing = 0;
		};
		5817F1351A9D7BDB00B3A0A1 /* Frameworks */ = {
			isa = PBXFrameworksBuildPhase;
			buildActionMask = 2147483647;
			files = (
			);
			runOnlyForDeploymentPostprocessing = 0;
		};
/* End PBXFrameworksBuildPhase section */

/* Begin PBXGroup section */
		5817F1161A9D7BDB00B3A0A1 = {
			isa = PBXGroup;
			children = (
				5817F1211A9D7BDB00B3A0A1 /* PocketTools */,
				5817F13B1A9D7BDB00B3A0A1 /* PocketToolsTests */,
				5817F1201A9D7BDB00B3A0A1 /* Products */,
			);
			sourceTree = "<group>";
		};
		5817F1201A9D7BDB00B3A0A1 /* Products */ = {
			isa = PBXGroup;
			children = (
				5817F11F1A9D7BDB00B3A0A1 /* PocketTools.app */,
				5817F1381A9D7BDB00B3A0A1 /* PocketToolsTests.xctest */,
			);
			name = Products;
			sourceTree = "<group>";
		};
		5817F1211A9D7BDB00B3A0A1 /* PocketTools */ = {
			isa = PBXGroup;
			children = (
				5817F1261A9D7BDB00B3A0A1 /* AppDelegate.h */,
				5817F1271A9D7BDB00B3A0A1 /* AppDelegate.m */,
				5817F1291A9D7BDB00B3A0A1 /* MainViewController.h */,
				5817F12A1A9D7BDB00B3A0A1 /* MainViewController.m */,
				5817F12C1A9D7BDB00B3A0A1 /* Main.storyboard */,
				5817F12F1A9D7BDB00B3A0A1 /* Images.xcassets */,
				5817F1221A9D7BDB00B3A0A1 /* Supporting Files */,
			);
			path = PocketTools;
			sourceTree = "<group>";
		};
		5817F1221A9D7BDB00B3A0A1 /* Supporting Files */ = {
			isa = PBXGroup;
			children = (
				5817F1231A9D7BDB00B3A0A1 /* Info.plist */,
				5817F1241A9D7BDB00B3A0A1 /* main.m */,
			);
			name = "Supporting Files";
			sourceTree = "<group>";
		};
		5817F13B1A9D7BDB00B3A0A1 /* PocketToolsTests */ = {
			isa = PBXGroup;
			children = (
				5817F13E1A9D7BDB00B3A0A1 /* PocketToolsTests.m */,
				5817F13C1A9D7BDB00B3A0A1 /* Supporting Files */,
			);
			path = PocketToolsTests;
			sourceTree = "<group>";
		};
		5817F13C1A9D7BDB00B3A0A1 /* Supporting Files */ = {
			isa = PBXGroup;
			children = (
				5817F13D1A9D7BDB00B3A0A1 /* Info.plist */,
			);
			name = "Supporting Files";
			sourceTree = "<group>";
		};
/* End PBXGroup section */

/* Begin PBXNativeTarget section */
		5817F11E1A9D7BDB00B3A0A1 /* PocketTools */ = {
			isa = PBXNativeTarget;
			buildConfigurationList = 5817F1421A9D7BDB00B3A0A1 /* Build configuration list for PBXNativeTarget "PocketTools" */;
			buildPhases = (
				5817F11B1A9D7BDB00B3A0A1 /* Sources */,
				5817F11C1A9D7BDB00B3A0A1 /* Frameworks */,
				5817F11D1A9D7BDB00B3A0A1 /* Resources */,
			);
			buildRules = (
			);
			dependencies = (
			);
			name = PocketTools;
			productName = PocketTools;
			productReference = 5817F11F1A9D7BDB00B3A0A1 /* PocketTools.app */;
			productType = "com.apple.product-type.application";
		};
		5817F1371A9D7BDB00B3A0A1 /* PocketToolsTests */ = {
			isa = PBXNativeTarget;
			buildConfigurationList = 5817F1451A9D7BDB00B3A0A1 /* Build configuration list for PBXNativeTarget "PocketToolsTests" */;
			buildPhases = (
				5817F1341A9D7BDB00B3A0A1 /* Sources */,
				5817F1351A9D7BDB00B3A0A1 /* Frameworks */,
				5817F1361A9D7BDB00B3A0A1 /* Resources */,
			);
			buildRules = (
			);
			dependencies = (
				5817F13A1A9D7BDB00B3A0A1 /* PBXTargetDependency */,
			);
			name = PocketToolsTests;
			productName = PocketToolsTests;
			productReference = 5817F1381A9D7BDB00B3A0A1 /* PocketToolsTests.xctest */;
			productType = "com.apple.product-type.bundle.unit-test";
		};
/* End PBXNativeTarget section */

/* Begin PBXProject section */
		5817F1171A9D7BDB00B3A0A1 /* Project object */ = {
			isa = PBXProject;
			attributes = {
				LastUpgradeCheck = 0610;
				ORGANIZATIONNAME = yc;
				TargetAttributes = {
					5817F11E1A9D7BDB00B3A0A1 = {
						CreatedOnToolsVersion = 6.1.1;
					};
					5817F1371A9D7BDB00B3A0A1 = {
						CreatedOnToolsVersion = 6.1.1;
						TestTargetID = 5817F11E1A9D7BDB00B3A0A1;
					};
				};
			};
			buildConfigurationList = 5817F11A1A9D7BDB00B3A0A1 /* Build configuration list for PBXProject "PocketTools" */;
			compatibilityVersion = "Xcode 3.2";
			developmentRegion = English;
			hasScannedForEncodings = 0;
			knownRegions = (
				en,
				Base,
			);
			mainGroup = 5817F1161A9D7BDB00B3A0A1;
			productRefGroup = 5817F1201A9D7BDB00B3A0A1 /* Products */;
			projectDirPath = "";
			projectRoot = "";
			targets = (
				5817F11E1A9D7BDB00B3A0A1 /* PocketTools */,
				5817F1371A9D7BDB00B3A0A1 /* PocketToolsTests */,
			);
		};
/* End PBXProject section */

/* Begin PBXResourcesBuildPhase section */
		5817F11D1A9D7BDB00B3A0A1 /* Resources */ = {
			isa = PBXResourcesBuildPhase;
			buildActionMask = 2147483647;
			files = (
				5817F12E1A9D7BDB00B3A0A1 /* Main.storyboard in Resources */,
				5817F1301A9D7BDB00B3A0A1 /* Images.xcassets in Resources */,
			);
			runOnlyForDeploymentPostprocessing = 0;
		};
		5817F1361A9D7BDB00B3A0A1 /* Resources */ = {
			isa = PBXResourcesBuildPhase;
			buildActionMask = 2147483647;
			files = (
			);
			runOnlyForDeploymentPostprocessing = 0;
		};
/* End PBXResourcesBuildPhase section */

/* Begin PBXSourcesBuildPhase section */
		5817F11B1A9D7BDB00B3A0A1 /* Sources */ = {
			isa = PBXSourcesBuildPhase;
			buildActionMask = 2147483647;
			files = (
				5817F12B1A9D7BDB00B3A0A1 /* MainViewController.m in Sources */,
				5817F1281A9D7BDB00B3A0A1 /* AppDelegate.m in Sources */,
				5817F1251A9D7BDB00B3A0A1 /* main.m in Sources */,
			);
			runOnlyForDeploymentPostprocessing = 0;
		};
		5817F1341A9D7BDB00B3A0A1 /* Sources */ = {
			isa = PBXSourcesBuildPhase;
			buildActionMask = 2147483647;
			files = (
				5817F13F1A9D7BDB00B3A0A1 /* PocketToolsTests.m in Sources */,
			);
			runOnlyForDeploymentPostprocessing = 0;
		};
/* End PBXSourcesBuildPhase section */

/* Begin PBXTargetDependency section */
		5817F13A1A9D7BDB00B3A0A1 /* PBXTargetDependency */ = {
			isa = PBXTargetDependency;
			target = 5817F11E1A9D7BDB00B3A0A1 /* PocketTools */;
			targetProxy = 5817F1391A9D7BDB00B3A0A1 /* PBXContainerItemProxy */;
		};
/* End PBXTargetDependency section */

/* Begin PBXVariantGroup section */
		5817F12C1A9D7BDB00B3A0A1 /* Main.storyboard */ = {
			isa = PBXVariantGroup;
			children = (
				5817F12D1A9D7BDB00B3A0A1 /* Base */,
			);
			name = Main.storyboard;
			sourceTree = "<group>";
		};
/* End PBXVariantGroup section */

/* Begin XCBuildConfiguration section */
		5817F1401A9D7BDB00B3A0A1 /* Debug */ = {
			isa = XCBuildConfiguration;
			buildSettings = {
				ALWAYS_SEARCH_USER_PATHS = NO;
				CLANG_CXX_LANGUAGE_STANDARD = "gnu++0x";
				CLANG_CXX_LIBRARY = "libc++";
				CLANG_ENABLE_MODULES = YES;
				CLANG_ENABLE_OBJC_ARC = YES;
				CLANG_WARN_BOOL_CONVERSION = YES;
				CLANG_WARN_CONSTANT_CONVERSION = YES;
				CLANG_WARN_DIRECT_OBJC_ISA_USAGE = YES_ERROR;
				CLANG_WARN_EMPTY_BODY = YES;
				CLANG_WARN_ENUM_CONVERSION = YES;
				CLANG_WARN_INT_CONVERSION = YES;
				CLANG_WARN_OBJC_ROOT_CLASS = YES_ERROR;
				CLANG_WARN_UNREACHABLE_CODE = YES;
				CLANG_WARN__DUPLICATE_METHOD_MATCH = YES;
				"CODE_SIGN_IDENTITY[sdk=iphoneos*]" = "iPhone Developer";
				COPY_PHASE_STRIP = NO;
				ENABLE_STRICT_OBJC_MSGSEND = YES;
				GCC_C_LANGUAGE_STANDARD = gnu99;
				GCC_DYNAMIC_NO_PIC = NO;
				GCC_OPTIMIZATION_LEVEL = 0;
				GCC_PREPROCESSOR_DEFINITIONS = (
					"DEBUG=1",
					"$(inherited)",
				);
				GCC_SYMBOLS_PRIVATE_EXTERN = NO;
				GCC_WARN_64_TO_32_BIT_CONVERSION = YES;
				GCC_WARN_ABOUT_RETURN_TYPE = YES_ERROR;
				GCC_WARN_UNDECLARED_SELECTOR = YES;
				GCC_WARN_UNINITIALIZED_AUTOS = YES_AGGRESSIVE;
				GCC_WARN_UNUSED_FUNCTION = YES;
				GCC_WARN_UNUSED_VARIABLE = YES;
				IPHONEOS_DEPLOYMENT_TARGET = 8.1;
				MTL_ENABLE_DEBUG_INFO = YES;
				ONLY_ACTIVE_ARCH = YES;
				SDKROOT = iphoneos;
			};
			name = Debug;
		};
		5817F1411A9D7BDB00B3A0A1 /* Release */ = {
			isa = XCBuildConfiguration;
			buildSettings = {
				ALWAYS_SEARCH_USER_PATHS = NO;
				CLANG_CXX_LANGUAGE_STANDARD = "gnu++0x";
				CLANG_CXX_LIBRARY = "libc++";
				CLANG_ENABLE_MODULES = YES;
				CLANG_ENABLE_OBJC_ARC = YES;
				CLANG_WARN_BOOL_CONVERSION = YES;
				CLANG_WARN_CONSTANT_CONVERSION = YES;
				CLANG_WARN_DIRECT_OBJC_ISA_USAGE = YES_ERROR;
				CLANG_WARN_EMPTY_BODY = YES;
				CLANG_WARN_ENUM_CONVERSION = YES;
				CLANG_WARN_INT_CONVERSION = YES;
				CLANG_WARN_OBJC_ROOT_CLASS = YES_ERROR;
				CLANG_WARN_UNREACHABLE_CODE = YES;
				CLANG_WARN__DUPLICATE_METHOD_MATCH = YES;
				"CODE_SIGN_IDENTITY[sdk=iphoneos*]" = "iPhone Developer";
				COPY_PHASE_STRIP = YES;
				ENABLE_NS_ASSERTIONS = NO;
				ENABLE_STRICT_OBJC_MSGSEND = YES;
				GCC_C_LANGUAGE_STANDARD = gnu99;
				GCC_WARN_64_TO_32_BIT_CONVERSION = YES;
				GCC_WARN_ABOUT_RETURN_TYPE = YES_ERROR;
				GCC_WARN_UNDECLARED_SELECTOR = YES;
				GCC_WARN_UNINITIALIZED_AUTOS = YES_AGGRESSIVE;
				GCC_WARN_UNUSED_FUNCTION = YES;
				GCC_WARN_UNUSED_VARIABLE = YES;
				IPHONEOS_DEPLOYMENT_TARGET = 8.1;
				MTL_ENABLE_DEBUG_INFO = NO;
				SDKROOT = iphoneos;
				VALIDATE_PRODUCT = YES;
			};
			name = Release;
		};
		5817F1431A9D7BDB00B3A0A1 /* Debug */ = {
			isa = XCBuildConfiguration;
			buildSettings = {
				ASSETCATALOG_COMPILER_APPICON_NAME = AppIcon;
				ASSETCATALOG_COMPILER_LAUNCHIMAGE_NAME = LaunchImage;
				INFOPLIST_FILE = PocketTools/Info.plist;
				LD_RUNPATH_SEARCH_PATHS = "$(inherited) @executable_path/Frameworks";
				PRODUCT_NAME = "$(TARGET_NAME)";
			};
			name = Debug;
		};
		5817F1441A9D7BDB00B3A0A1 /* Release */ = {
			isa = XCBuildConfiguration;
			buildSettings = {
				ASSETCATALOG_COMPILER_APPICON_NAME = AppIcon;
				ASSETCATALOG_COMPILER_LAUNCHIMAGE_NAME = LaunchImage;
				INFOPLIST_FILE = PocketTools/Info.plist;
				LD_RUNPATH_SEARCH_PATHS = "$(inherited) @executable_path/Frameworks";
				PRODUCT_NAME = "$(TARGET_NAME)";
			};
			name = Release;
		};
		5817F1461A9D7BDB00B3A0A1 /* Debug */ = {
			isa = XCBuildConfiguration;
			buildSettings = {
				BUNDLE_LOADER = "$(TEST_HOST)";
				FRAMEWORK_SEARCH_PATHS = (
					"$(SDKROOT)/Developer/Library/Frameworks",
					"$(inherited)",
				);
				GCC_PREPROCESSOR_DEFINITIONS = (
					"DEBUG=1",
					"$(inherited)",
				);
				INFOPLIST_FILE = PocketToolsTests/Info.plist;
				LD_RUNPATH_SEARCH_PATHS = "$(inherited) @executable_path/Frameworks @loader_path/Frameworks";
				PRODUCT_NAME = "$(TARGET_NAME)";
				TEST_HOST = "$(BUILT_PRODUCTS_DIR)/PocketTools.app/PocketTools";
			};
			name = Debug;
		};
		5817F1471A9D7BDB00B3A0A1 /* Release */ = {
			isa = XCBuildConfiguration;
			buildSettings = {
				BUNDLE_LOADER = "$(TEST_HOST)";
				FRAMEWORK_SEARCH_PATHS = (
					"$(SDKROOT)/Developer/Library/Frameworks",
					"$(inherited)",
				);
				INFOPLIST_FILE = PocketToolsTests/Info.plist;
				LD_RUNPATH_SEARCH_PATHS = "$(inherited) @executable_path/Frameworks @loader_path/Frameworks";
				PRODUCT_NAME = "$(TARGET_NAME)";
				TEST_HOST = "$(BUILT_PRODUCTS_DIR)/PocketTools.app/PocketTools";
			};
			name = Release;
		};
/* End XCBuildConfiguration section */

/* Begin XCConfigurationList section */
		5817F11A1A9D7BDB00B3A0A1 /* Build configuration list for PBXProject "PocketTools" */ = {
			isa = XCConfigurationList;
			buildConfigurations = (
				5817F1401A9D7BDB00B3A0A1 /* Debug */,
				5817F1411A9D7BDB00B3A0A1 /* Release */,
			);
			defaultConfigurationIsVisible = 0;
			defaultConfigurationName = Release;
		};
		5817F1421A9D7BDB00B3A0A1 /* Build configuration list for PBXNativeTarget "PocketTools" */ = {
			isa = XCConfigurationList;
			buildConfigurations = (
				5817F1431A9D7BDB00B3A0A1 /* Debug */,
				5817F1441A9D7BDB00B3A0A1 /* Release */,
			);
			defaultConfigurationIsVisible = 0;
			defaultConfigurationName = Release;
		};
		5817F1451A9D7BDB00B3A0A1 /* Build configuration list for PBXNativeTarget "PocketToolsTests" */ = {
			isa = XCConfigurationList;
			buildConfigurations = (
				5817F1461A9D7BDB00B3A0A1 /* Debug */,
				5817F1471A9D7BDB00B3A0A1 /* Release */,
			);
			defaultConfigurationIsVisible = 0;
			defaultConfigurationName = Release;
		};
/* End XCConfigurationList section */
	};
	rootObject = 5817F1171A9D7BDB00B3A0A1 /* Project object */;
}
