// !$*UTF8*$!
{
	archiveVersion = 1;
	classes = {
	};
	objectVersion = 46;
	objects = {

/* Begin PBXBuildFile section */
		1872F3A81AAAA9AA007F60BD /* PackageSearchViewController.m in Sources */ = {isa = PBXBuildFile; fileRef = 1872F3A61AAAA9AA007F60BD /* PackageSearchViewController.m */; };
		1872F3A91AAAA9AA007F60BD /* PackageSearchViewController.xib in Resources */ = {isa = PBXBuildFile; fileRef = 1872F3A71AAAA9AA007F60BD /* PackageSearchViewController.xib */; };
		1872F3AC1AAAD36E007F60BD /* PostInfo.m in Sources */ = {isa = PBXBuildFile; fileRef = 1872F3AB1AAAD36E007F60BD /* PostInfo.m */; };
		1872F3B01AAAD41A007F60BD /* PackageDetailViewController.m in Sources */ = {isa = PBXBuildFile; fileRef = 1872F3AE1AAAD41A007F60BD /* PackageDetailViewController.m */; };
		1872F3B11AAAD41A007F60BD /* PackageDetailViewController.xib in Resources */ = {isa = PBXBuildFile; fileRef = 1872F3AF1AAAD41A007F60BD /* PackageDetailViewController.xib */; };
		5817F1251A9D7BDB00B3A0A1 /* main.m in Sources */ = {isa = PBXBuildFile; fileRef = 5817F1241A9D7BDB00B3A0A1 /* main.m */; };
		5817F1281A9D7BDB00B3A0A1 /* AppDelegate.m in Sources */ = {isa = PBXBuildFile; fileRef = 5817F1271A9D7BDB00B3A0A1 /* AppDelegate.m */; };
		5817F12B1A9D7BDB00B3A0A1 /* MainViewController.m in Sources */ = {isa = PBXBuildFile; fileRef = 5817F12A1A9D7BDB00B3A0A1 /* MainViewController.m */; };
		5817F12E1A9D7BDB00B3A0A1 /* Main.storyboard in Resources */ = {isa = PBXBuildFile; fileRef = 5817F12C1A9D7BDB00B3A0A1 /* Main.storyboard */; };
		5817F1301A9D7BDB00B3A0A1 /* Images.xcassets in Resources */ = {isa = PBXBuildFile; fileRef = 5817F12F1A9D7BDB00B3A0A1 /* Images.xcassets */; };
		5817F13F1A9D7BDB00B3A0A1 /* PocketToolsTests.m in Sources */ = {isa = PBXBuildFile; fileRef = 5817F13E1A9D7BDB00B3A0A1 /* PocketToolsTests.m */; };
		5845D8521AA5499D0007E4D8 /* PhoneInfo.m in Sources */ = {isa = PBXBuildFile; fileRef = 5845D8511AA5499D0007E4D8 /* PhoneInfo.m */; };
		5845D8561AA54A420007E4D8 /* PhoneSearchViewController.m in Sources */ = {isa = PBXBuildFile; fileRef = 5845D8541AA54A420007E4D8 /* PhoneSearchViewController.m */; };
		5845D8571AA54A420007E4D8 /* PhoneSearchViewController.xib in Resources */ = {isa = PBXBuildFile; fileRef = 5845D8551AA54A420007E4D8 /* PhoneSearchViewController.xib */; };
		5845D85B1AA559A10007E4D8 /* CalculatorTools.m in Sources */ = {isa = PBXBuildFile; fileRef = 5845D85A1AA559A10007E4D8 /* CalculatorTools.m */; };
		5845D85F1AA56ACB0007E4D8 /* SizesViewController.m in Sources */ = {isa = PBXBuildFile; fileRef = 5845D85D1AA56ACB0007E4D8 /* SizesViewController.m */; };
		5845D8601AA56ACB0007E4D8 /* SizesViewController.xib in Resources */ = {isa = PBXBuildFile; fileRef = 5845D85E1AA56ACB0007E4D8 /* SizesViewController.xib */; };
		5847F41F1AA5994000A57896 /* TulingViewController.m in Sources */ = {isa = PBXBuildFile; fileRef = 5847F41D1AA5994000A57896 /* TulingViewController.m */; };
		5847F4201AA5994000A57896 /* TulingViewController.xib in Resources */ = {isa = PBXBuildFile; fileRef = 5847F41E1AA5994000A57896 /* TulingViewController.xib */; };
		5847F4231AA59B0800A57896 /* RobotInfo.m in Sources */ = {isa = PBXBuildFile; fileRef = 5847F4221AA59B0800A57896 /* RobotInfo.m */; };
		5847F4271AA5A2BA00A57896 /* CCLocationManager.m in Sources */ = {isa = PBXBuildFile; fileRef = 5847F4261AA5A2BA00A57896 /* CCLocationManager.m */; };
		585C82961AA7F7F800A98D16 /* ProvinceInfo.m in Sources */ = {isa = PBXBuildFile; fileRef = 585C82951AA7F7F800A98D16 /* ProvinceInfo.m */; };
		585C82991AA7F91F00A98D16 /* CityInfo.m in Sources */ = {isa = PBXBuildFile; fileRef = 585C82981AA7F91F00A98D16 /* CityInfo.m */; };
		585C829C1AA802D500A98D16 /* CarType.m in Sources */ = {isa = PBXBuildFile; fileRef = 585C829B1AA802D500A98D16 /* CarType.m */; };
		585C82A01AA8284D00A98D16 /* CarVioResultViewController.m in Sources */ = {isa = PBXBuildFile; fileRef = 585C829E1AA8284D00A98D16 /* CarVioResultViewController.m */; };
		585C82A11AA8284D00A98D16 /* CarVioResultViewController.xib in Resources */ = {isa = PBXBuildFile; fileRef = 585C829F1AA8284D00A98D16 /* CarVioResultViewController.xib */; };
		585C82A41AA83C6100A98D16 /* WZInfo.m in Sources */ = {isa = PBXBuildFile; fileRef = 585C82A31AA83C6100A98D16 /* WZInfo.m */; };
		585C82A71AA83CF000A98D16 /* WZDetailInfo.m in Sources */ = {isa = PBXBuildFile; fileRef = 585C82A61AA83CF000A98D16 /* WZDetailInfo.m */; };
		586C99F51AA6EDF100ACD2CF /* MoneyTableViewCell.m in Sources */ = {isa = PBXBuildFile; fileRef = 586C99F31AA6EDF100ACD2CF /* MoneyTableViewCell.m */; };
		586C99F61AA6EDF100ACD2CF /* MoneyTableViewCell.xib in Resources */ = {isa = PBXBuildFile; fileRef = 586C99F41AA6EDF100ACD2CF /* MoneyTableViewCell.xib */; };
		586C99FA1AA702F700ACD2CF /* MirrorViewController.m in Sources */ = {isa = PBXBuildFile; fileRef = 586C99F81AA702F700ACD2CF /* MirrorViewController.m */; };
		586C99FB1AA702F700ACD2CF /* MirrorViewController.xib in Resources */ = {isa = PBXBuildFile; fileRef = 586C99F91AA702F700ACD2CF /* MirrorViewController.xib */; };
		588A3DE31AA4312600EB1066 /* AppInfoEntity.m in Sources */ = {isa = PBXBuildFile; fileRef = 588A3DE21AA4312600EB1066 /* AppInfoEntity.m */; };
		588A3DE51AA4428300EB1066 /* AppList.plist in Resources */ = {isa = PBXBuildFile; fileRef = 588A3DE41AA4428300EB1066 /* AppList.plist */; };
		588A3DE91AA45A4E00EB1066 /* FlashViewController.m in Sources */ = {isa = PBXBuildFile; fileRef = 588A3DE71AA45A4E00EB1066 /* FlashViewController.m */; };
		588A3DEA1AA45A4E00EB1066 /* FlashViewController.xib in Resources */ = {isa = PBXBuildFile; fileRef = 588A3DE81AA45A4E00EB1066 /* FlashViewController.xib */; };
		588A3DEE1AA45CAE00EB1066 /* RullerViewController.m in Sources */ = {isa = PBXBuildFile; fileRef = 588A3DEC1AA45CAE00EB1066 /* RullerViewController.m */; };
		588A3DEF1AA45CAE00EB1066 /* RullerViewController.xib in Resources */ = {isa = PBXBuildFile; fileRef = 588A3DED1AA45CAE00EB1066 /* RullerViewController.xib */; };
		588A3DF31AA4609400EB1066 /* NewsViewController.m in Sources */ = {isa = PBXBuildFile; fileRef = 588A3DF11AA4609400EB1066 /* NewsViewController.m */; };
		588A3DF41AA4609400EB1066 /* NewsViewController.xib in Resources */ = {isa = PBXBuildFile; fileRef = 588A3DF21AA4609400EB1066 /* NewsViewController.xib */; };
		588A3DF81AA462C200EB1066 /* ParkViewController.m in Sources */ = {isa = PBXBuildFile; fileRef = 588A3DF61AA462C200EB1066 /* ParkViewController.m */; };
		588A3DF91AA462C200EB1066 /* ParkViewController.xib in Resources */ = {isa = PBXBuildFile; fileRef = 588A3DF71AA462C200EB1066 /* ParkViewController.xib */; };
		588BDBE51AA1A088009347CE /* IPInfo.m in Sources */ = {isa = PBXBuildFile; fileRef = 588BDBE41AA1A088009347CE /* IPInfo.m */; };
		5894469A1AA15A52004BEE7B /* CalculatorViewController.m in Sources */ = {isa = PBXBuildFile; fileRef = 589446981AA15A52004BEE7B /* CalculatorViewController.m */; };
		5894469B1AA15A52004BEE7B /* CalculatorViewController.xib in Resources */ = {isa = PBXBuildFile; fileRef = 589446991AA15A52004BEE7B /* CalculatorViewController.xib */; };
		58BE59081AA6A60C001811D9 /* CarVioSearchViewController.m in Sources */ = {isa = PBXBuildFile; fileRef = 58BE59061AA6A60C001811D9 /* CarVioSearchViewController.m */; };
		58BE59091AA6A60C001811D9 /* CarVioSearchViewController.xib in Resources */ = {isa = PBXBuildFile; fileRef = 58BE59071AA6A60C001811D9 /* CarVioSearchViewController.xib */; };
		58BE590D1AA6ABCD001811D9 /* ExchangeViewController.m in Sources */ = {isa = PBXBuildFile; fileRef = 58BE590B1AA6ABCD001811D9 /* ExchangeViewController.m */; };
		58BE590E1AA6ABCD001811D9 /* ExchangeViewController.xib in Resources */ = {isa = PBXBuildFile; fileRef = 58BE590C1AA6ABCD001811D9 /* ExchangeViewController.xib */; };
		58BE59111AA6B75D001811D9 /* MoneyEntity.m in Sources */ = {isa = PBXBuildFile; fileRef = 58BE59101AA6B75D001811D9 /* MoneyEntity.m */; };
		58E850681AA012F10095DDC7 /* ServiceRequest.m in Sources */ = {isa = PBXBuildFile; fileRef = 58E850671AA012F10095DDC7 /* ServiceRequest.m */; };
		58E8506C1AA0138F0095DDC7 /* AppleDeviceIdSearchViewController.m in Sources */ = {isa = PBXBuildFile; fileRef = 58E8506A1AA0138F0095DDC7 /* AppleDeviceIdSearchViewController.m */; };
		58E8506D1AA0138F0095DDC7 /* AppleDeviceIdSearchViewController.xib in Resources */ = {isa = PBXBuildFile; fileRef = 58E8506B1AA0138F0095DDC7 /* AppleDeviceIdSearchViewController.xib */; };
		58E850711AA01AF90095DDC7 /* ServiceResult.m in Sources */ = {isa = PBXBuildFile; fileRef = 58E850701AA01AF90095DDC7 /* ServiceResult.m */; };
		58E850741AA01BFC0095DDC7 /* AppleInfo.m in Sources */ = {isa = PBXBuildFile; fileRef = 58E850731AA01BFC0095DDC7 /* AppleInfo.m */; };
		58EACBAC1AA03EC0006D5226 /* IDCardInfo.m in Sources */ = {isa = PBXBuildFile; fileRef = 58EACBAB1AA03EC0006D5226 /* IDCardInfo.m */; };
		58EE96C21AA84BBF00E35B51 /* UserCarSearchInfo.m in Sources */ = {isa = PBXBuildFile; fileRef = 58EE96C11AA84BBF00E35B51 /* UserCarSearchInfo.m */; };
		71078482F10AF41A8AF80980 /* libPods.a in Frameworks */ = {isa = PBXBuildFile; fileRef = 972A6AE0556F180352DA1B54 /* libPods.a */; };
/* End PBXBuildFile section */

/* Begin PBXContainerItemProxy section */
		5817F1391A9D7BDB00B3A0A1 /* PBXContainerItemProxy */ = {
			isa = PBXContainerItemProxy;
			containerPortal = 5817F1171A9D7BDB00B3A0A1 /* Project object */;
			proxyType = 1;
			remoteGlobalIDString = 5817F11E1A9D7BDB00B3A0A1;
			remoteInfo = PocketTools;
		};
/* End PBXContainerItemProxy section */

/* Begin PBXFileReference section */
		1872F3A51AAAA9AA007F60BD /* PackageSearchViewController.h */ = {isa = PBXFileReference; fileEncoding = 4; lastKnownFileType = sourcecode.c.h; path = PackageSearchViewController.h; sourceTree = "<group>"; };
		1872F3A61AAAA9AA007F60BD /* PackageSearchViewController.m */ = {isa = PBXFileReference; fileEncoding = 4; lastKnownFileType = sourcecode.c.objc; path = PackageSearchViewController.m; sourceTree = "<group>"; };
		1872F3A71AAAA9AA007F60BD /* PackageSearchViewController.xib */ = {isa = PBXFileReference; fileEncoding = 4; lastKnownFileType = file.xib; path = PackageSearchViewController.xib; sourceTree = "<group>"; };
		1872F3AA1AAAD36E007F60BD /* PostInfo.h */ = {isa = PBXFileReference; fileEncoding = 4; lastKnownFileType = sourcecode.c.h; path = PostInfo.h; sourceTree = "<group>"; };
		1872F3AB1AAAD36E007F60BD /* PostInfo.m */ = {isa = PBXFileReference; fileEncoding = 4; lastKnownFileType = sourcecode.c.objc; path = PostInfo.m; sourceTree = "<group>"; };
		1872F3AD1AAAD41A007F60BD /* PackageDetailViewController.h */ = {isa = PBXFileReference; fileEncoding = 4; lastKnownFileType = sourcecode.c.h; path = PackageDetailViewController.h; sourceTree = "<group>"; };
		1872F3AE1AAAD41A007F60BD /* PackageDetailViewController.m */ = {isa = PBXFileReference; fileEncoding = 4; lastKnownFileType = sourcecode.c.objc; path = PackageDetailViewController.m; sourceTree = "<group>"; };
		1872F3AF1AAAD41A007F60BD /* PackageDetailViewController.xib */ = {isa = PBXFileReference; fileEncoding = 4; lastKnownFileType = file.xib; path = PackageDetailViewController.xib; sourceTree = "<group>"; };
		5817F11F1A9D7BDB00B3A0A1 /* PocketTools.app */ = {isa = PBXFileReference; explicitFileType = wrapper.application; includeInIndex = 0; path = PocketTools.app; sourceTree = BUILT_PRODUCTS_DIR; };
		5817F1231A9D7BDB00B3A0A1 /* Info.plist */ = {isa = PBXFileReference; lastKnownFileType = text.plist.xml; path = Info.plist; sourceTree = "<group>"; };
		5817F1241A9D7BDB00B3A0A1 /* main.m */ = {isa = PBXFileReference; lastKnownFileType = sourcecode.c.objc; path = main.m; sourceTree = "<group>"; };
		5817F1261A9D7BDB00B3A0A1 /* AppDelegate.h */ = {isa = PBXFileReference; lastKnownFileType = sourcecode.c.h; path = AppDelegate.h; sourceTree = "<group>"; };
		5817F1271A9D7BDB00B3A0A1 /* AppDelegate.m */ = {isa = PBXFileReference; lastKnownFileType = sourcecode.c.objc; path = AppDelegate.m; sourceTree = "<group>"; };
		5817F1291A9D7BDB00B3A0A1 /* MainViewController.h */ = {isa = PBXFileReference; lastKnownFileType = sourcecode.c.h; path = MainViewController.h; sourceTree = "<group>"; };
		5817F12A1A9D7BDB00B3A0A1 /* MainViewController.m */ = {isa = PBXFileReference; lastKnownFileType = sourcecode.c.objc; path = MainViewController.m; sourceTree = "<group>"; };
		5817F12D1A9D7BDB00B3A0A1 /* Base */ = {isa = PBXFileReference; lastKnownFileType = file.storyboard; name = Base; path = Base.lproj/Main.storyboard; sourceTree = "<group>"; };
		5817F12F1A9D7BDB00B3A0A1 /* Images.xcassets */ = {isa = PBXFileReference; lastKnownFileType = folder.assetcatalog; path = Images.xcassets; sourceTree = "<group>"; };
		5817F1381A9D7BDB00B3A0A1 /* PocketToolsTests.xctest */ = {isa = PBXFileReference; explicitFileType = wrapper.cfbundle; includeInIndex = 0; path = PocketToolsTests.xctest; sourceTree = BUILT_PRODUCTS_DIR; };
		5817F13D1A9D7BDB00B3A0A1 /* Info.plist */ = {isa = PBXFileReference; lastKnownFileType = text.plist.xml; path = Info.plist; sourceTree = "<group>"; };
		5817F13E1A9D7BDB00B3A0A1 /* PocketToolsTests.m */ = {isa = PBXFileReference; lastKnownFileType = sourcecode.c.objc; path = PocketToolsTests.m; sourceTree = "<group>"; };
		5845D84F1AA547F60007E4D8 /* PocketTools.pch */ = {isa = PBXFileReference; lastKnownFileType = sourcecode.c.h; path = PocketTools.pch; sourceTree = "<group>"; };
		5845D8501AA5499D0007E4D8 /* PhoneInfo.h */ = {isa = PBXFileReference; fileEncoding = 4; lastKnownFileType = sourcecode.c.h; path = PhoneInfo.h; sourceTree = "<group>"; };
		5845D8511AA5499D0007E4D8 /* PhoneInfo.m */ = {isa = PBXFileReference; fileEncoding = 4; lastKnownFileType = sourcecode.c.objc; path = PhoneInfo.m; sourceTree = "<group>"; };
		5845D8531AA54A420007E4D8 /* PhoneSearchViewController.h */ = {isa = PBXFileReference; fileEncoding = 4; lastKnownFileType = sourcecode.c.h; path = PhoneSearchViewController.h; sourceTree = "<group>"; };
		5845D8541AA54A420007E4D8 /* PhoneSearchViewController.m */ = {isa = PBXFileReference; fileEncoding = 4; lastKnownFileType = sourcecode.c.objc; path = PhoneSearchViewController.m; sourceTree = "<group>"; };
		5845D8551AA54A420007E4D8 /* PhoneSearchViewController.xib */ = {isa = PBXFileReference; fileEncoding = 4; lastKnownFileType = file.xib; path = PhoneSearchViewController.xib; sourceTree = "<group>"; };
		5845D8591AA559A10007E4D8 /* CalculatorTools.h */ = {isa = PBXFileReference; fileEncoding = 4; lastKnownFileType = sourcecode.c.h; path = CalculatorTools.h; sourceTree = "<group>"; };
		5845D85A1AA559A10007E4D8 /* CalculatorTools.m */ = {isa = PBXFileReference; fileEncoding = 4; lastKnownFileType = sourcecode.c.objc; path = CalculatorTools.m; sourceTree = "<group>"; };
		5845D85C1AA56ACB0007E4D8 /* SizesViewController.h */ = {isa = PBXFileReference; fileEncoding = 4; lastKnownFileType = sourcecode.c.h; path = SizesViewController.h; sourceTree = "<group>"; };
		5845D85D1AA56ACB0007E4D8 /* SizesViewController.m */ = {isa = PBXFileReference; fileEncoding = 4; lastKnownFileType = sourcecode.c.objc; path = SizesViewController.m; sourceTree = "<group>"; };
		5845D85E1AA56ACB0007E4D8 /* SizesViewController.xib */ = {isa = PBXFileReference; fileEncoding = 4; lastKnownFileType = file.xib; path = SizesViewController.xib; sourceTree = "<group>"; };
		5847F41C1AA5994000A57896 /* TulingViewController.h */ = {isa = PBXFileReference; fileEncoding = 4; lastKnownFileType = sourcecode.c.h; path = TulingViewController.h; sourceTree = "<group>"; };
		5847F41D1AA5994000A57896 /* TulingViewController.m */ = {isa = PBXFileReference; fileEncoding = 4; lastKnownFileType = sourcecode.c.objc; path = TulingViewController.m; sourceTree = "<group>"; };
		5847F41E1AA5994000A57896 /* TulingViewController.xib */ = {isa = PBXFileReference; fileEncoding = 4; lastKnownFileType = file.xib; path = TulingViewController.xib; sourceTree = "<group>"; };
		5847F4211AA59B0800A57896 /* RobotInfo.h */ = {isa = PBXFileReference; fileEncoding = 4; lastKnownFileType = sourcecode.c.h; path = RobotInfo.h; sourceTree = "<group>"; };
		5847F4221AA59B0800A57896 /* RobotInfo.m */ = {isa = PBXFileReference; fileEncoding = 4; lastKnownFileType = sourcecode.c.objc; path = RobotInfo.m; sourceTree = "<group>"; };
		5847F4251AA5A2BA00A57896 /* CCLocationManager.h */ = {isa = PBXFileReference; fileEncoding = 4; lastKnownFileType = sourcecode.c.h; path = CCLocationManager.h; sourceTree = "<group>"; };
		5847F4261AA5A2BA00A57896 /* CCLocationManager.m */ = {isa = PBXFileReference; fileEncoding = 4; lastKnownFileType = sourcecode.c.objc; path = CCLocationManager.m; sourceTree = "<group>"; };
		585C82941AA7F7F800A98D16 /* ProvinceInfo.h */ = {isa = PBXFileReference; fileEncoding = 4; lastKnownFileType = sourcecode.c.h; path = ProvinceInfo.h; sourceTree = "<group>"; };
		585C82951AA7F7F800A98D16 /* ProvinceInfo.m */ = {isa = PBXFileReference; fileEncoding = 4; lastKnownFileType = sourcecode.c.objc; path = ProvinceInfo.m; sourceTree = "<group>"; };
		585C82971AA7F91F00A98D16 /* CityInfo.h */ = {isa = PBXFileReference; fileEncoding = 4; lastKnownFileType = sourcecode.c.h; path = CityInfo.h; sourceTree = "<group>"; };
		585C82981AA7F91F00A98D16 /* CityInfo.m */ = {isa = PBXFileReference; fileEncoding = 4; lastKnownFileType = sourcecode.c.objc; path = CityInfo.m; sourceTree = "<group>"; };
		585C829A1AA802D500A98D16 /* CarType.h */ = {isa = PBXFileReference; fileEncoding = 4; lastKnownFileType = sourcecode.c.h; path = CarType.h; sourceTree = "<group>"; };
		585C829B1AA802D500A98D16 /* CarType.m */ = {isa = PBXFileReference; fileEncoding = 4; lastKnownFileType = sourcecode.c.objc; path = CarType.m; sourceTree = "<group>"; };
		585C829D1AA8284D00A98D16 /* CarVioResultViewController.h */ = {isa = PBXFileReference; fileEncoding = 4; lastKnownFileType = sourcecode.c.h; path = CarVioResultViewController.h; sourceTree = "<group>"; };
		585C829E1AA8284D00A98D16 /* CarVioResultViewController.m */ = {isa = PBXFileReference; fileEncoding = 4; lastKnownFileType = sourcecode.c.objc; path = CarVioResultViewController.m; sourceTree = "<group>"; };
		585C829F1AA8284D00A98D16 /* CarVioResultViewController.xib */ = {isa = PBXFileReference; fileEncoding = 4; lastKnownFileType = file.xib; path = CarVioResultViewController.xib; sourceTree = "<group>"; };
		585C82A21AA83C6100A98D16 /* WZInfo.h */ = {isa = PBXFileReference; fileEncoding = 4; lastKnownFileType = sourcecode.c.h; path = WZInfo.h; sourceTree = "<group>"; };
		585C82A31AA83C6100A98D16 /* WZInfo.m */ = {isa = PBXFileReference; fileEncoding = 4; lastKnownFileType = sourcecode.c.objc; path = WZInfo.m; sourceTree = "<group>"; };
		585C82A51AA83CF000A98D16 /* WZDetailInfo.h */ = {isa = PBXFileReference; fileEncoding = 4; lastKnownFileType = sourcecode.c.h; path = WZDetailInfo.h; sourceTree = "<group>"; };
		585C82A61AA83CF000A98D16 /* WZDetailInfo.m */ = {isa = PBXFileReference; fileEncoding = 4; lastKnownFileType = sourcecode.c.objc; path = WZDetailInfo.m; sourceTree = "<group>"; };
		586C99F21AA6EDF100ACD2CF /* MoneyTableViewCell.h */ = {isa = PBXFileReference; fileEncoding = 4; lastKnownFileType = sourcecode.c.h; path = MoneyTableViewCell.h; sourceTree = "<group>"; };
		586C99F31AA6EDF100ACD2CF /* MoneyTableViewCell.m */ = {isa = PBXFileReference; fileEncoding = 4; lastKnownFileType = sourcecode.c.objc; path = MoneyTableViewCell.m; sourceTree = "<group>"; };
		586C99F41AA6EDF100ACD2CF /* MoneyTableViewCell.xib */ = {isa = PBXFileReference; fileEncoding = 4; lastKnownFileType = file.xib; path = MoneyTableViewCell.xib; sourceTree = "<group>"; };
		586C99F71AA702F700ACD2CF /* MirrorViewController.h */ = {isa = PBXFileReference; fileEncoding = 4; lastKnownFileType = sourcecode.c.h; path = MirrorViewController.h; sourceTree = "<group>"; };
		586C99F81AA702F700ACD2CF /* MirrorViewController.m */ = {isa = PBXFileReference; fileEncoding = 4; lastKnownFileType = sourcecode.c.objc; path = MirrorViewController.m; sourceTree = "<group>"; };
		586C99F91AA702F700ACD2CF /* MirrorViewController.xib */ = {isa = PBXFileReference; fileEncoding = 4; lastKnownFileType = file.xib; path = MirrorViewController.xib; sourceTree = "<group>"; };
		588A3DE11AA4312600EB1066 /* AppInfoEntity.h */ = {isa = PBXFileReference; fileEncoding = 4; lastKnownFileType = sourcecode.c.h; path = AppInfoEntity.h; sourceTree = "<group>"; };
		588A3DE21AA4312600EB1066 /* AppInfoEntity.m */ = {isa = PBXFileReference; fileEncoding = 4; lastKnownFileType = sourcecode.c.objc; path = AppInfoEntity.m; sourceTree = "<group>"; };
		588A3DE41AA4428300EB1066 /* AppList.plist */ = {isa = PBXFileReference; fileEncoding = 4; lastKnownFileType = text.plist.xml; path = AppList.plist; sourceTree = "<group>"; };
		588A3DE61AA45A4E00EB1066 /* FlashViewController.h */ = {isa = PBXFileReference; fileEncoding = 4; lastKnownFileType = sourcecode.c.h; path = FlashViewController.h; sourceTree = "<group>"; };
		588A3DE71AA45A4E00EB1066 /* FlashViewController.m */ = {isa = PBXFileReference; fileEncoding = 4; lastKnownFileType = sourcecode.c.objc; path = FlashViewController.m; sourceTree = "<group>"; };
		588A3DE81AA45A4E00EB1066 /* FlashViewController.xib */ = {isa = PBXFileReference; fileEncoding = 4; lastKnownFileType = file.xib; path = FlashViewController.xib; sourceTree = "<group>"; };
		588A3DEB1AA45CAE00EB1066 /* RullerViewController.h */ = {isa = PBXFileReference; fileEncoding = 4; lastKnownFileType = sourcecode.c.h; path = RullerViewController.h; sourceTree = "<group>"; };
		588A3DEC1AA45CAE00EB1066 /* RullerViewController.m */ = {isa = PBXFileReference; fileEncoding = 4; lastKnownFileType = sourcecode.c.objc; path = RullerViewController.m; sourceTree = "<group>"; };
		588A3DED1AA45CAE00EB1066 /* RullerViewController.xib */ = {isa = PBXFileReference; fileEncoding = 4; lastKnownFileType = file.xib; path = RullerViewController.xib; sourceTree = "<group>"; };
		588A3DF01AA4609400EB1066 /* NewsViewController.h */ = {isa = PBXFileReference; fileEncoding = 4; lastKnownFileType = sourcecode.c.h; path = NewsViewController.h; sourceTree = "<group>"; };
		588A3DF11AA4609400EB1066 /* NewsViewController.m */ = {isa = PBXFileReference; fileEncoding = 4; lastKnownFileType = sourcecode.c.objc; path = NewsViewController.m; sourceTree = "<group>"; };
		588A3DF21AA4609400EB1066 /* NewsViewController.xib */ = {isa = PBXFileReference; fileEncoding = 4; lastKnownFileType = file.xib; path = NewsViewController.xib; sourceTree = "<group>"; };
		588A3DF51AA462C200EB1066 /* ParkViewController.h */ = {isa = PBXFileReference; fileEncoding = 4; lastKnownFileType = sourcecode.c.h; path = ParkViewController.h; sourceTree = "<group>"; };
		588A3DF61AA462C200EB1066 /* ParkViewController.m */ = {isa = PBXFileReference; fileEncoding = 4; lastKnownFileType = sourcecode.c.objc; path = ParkViewController.m; sourceTree = "<group>"; };
		588A3DF71AA462C200EB1066 /* ParkViewController.xib */ = {isa = PBXFileReference; fileEncoding = 4; lastKnownFileType = file.xib; path = ParkViewController.xib; sourceTree = "<group>"; };
		588BDBE31AA1A088009347CE /* IPInfo.h */ = {isa = PBXFileReference; fileEncoding = 4; lastKnownFileType = sourcecode.c.h; path = IPInfo.h; sourceTree = "<group>"; };
		588BDBE41AA1A088009347CE /* IPInfo.m */ = {isa = PBXFileReference; fileEncoding = 4; lastKnownFileType = sourcecode.c.objc; path = IPInfo.m; sourceTree = "<group>"; };
		589446971AA15A52004BEE7B /* CalculatorViewController.h */ = {isa = PBXFileReference; fileEncoding = 4; lastKnownFileType = sourcecode.c.h; path = CalculatorViewController.h; sourceTree = "<group>"; };
		589446981AA15A52004BEE7B /* CalculatorViewController.m */ = {isa = PBXFileReference; fileEncoding = 4; lastKnownFileType = sourcecode.c.objc; path = CalculatorViewController.m; sourceTree = "<group>"; };
		589446991AA15A52004BEE7B /* CalculatorViewController.xib */ = {isa = PBXFileReference; fileEncoding = 4; lastKnownFileType = file.xib; path = CalculatorViewController.xib; sourceTree = "<group>"; };
		58BE59051AA6A60C001811D9 /* CarVioSearchViewController.h */ = {isa = PBXFileReference; fileEncoding = 4; lastKnownFileType = sourcecode.c.h; path = CarVioSearchViewController.h; sourceTree = "<group>"; };
		58BE59061AA6A60C001811D9 /* CarVioSearchViewController.m */ = {isa = PBXFileReference; fileEncoding = 4; lastKnownFileType = sourcecode.c.objc; path = CarVioSearchViewController.m; sourceTree = "<group>"; };
		58BE59071AA6A60C001811D9 /* CarVioSearchViewController.xib */ = {isa = PBXFileReference; fileEncoding = 4; lastKnownFileType = file.xib; path = CarVioSearchViewController.xib; sourceTree = "<group>"; };
		58BE590A1AA6ABCD001811D9 /* ExchangeViewController.h */ = {isa = PBXFileReference; fileEncoding = 4; lastKnownFileType = sourcecode.c.h; path = ExchangeViewController.h; sourceTree = "<group>"; };
		58BE590B1AA6ABCD001811D9 /* ExchangeViewController.m */ = {isa = PBXFileReference; fileEncoding = 4; lastKnownFileType = sourcecode.c.objc; path = ExchangeViewController.m; sourceTree = "<group>"; };
		58BE590C1AA6ABCD001811D9 /* ExchangeViewController.xib */ = {isa = PBXFileReference; fileEncoding = 4; lastKnownFileType = file.xib; path = ExchangeViewController.xib; sourceTree = "<group>"; };
		58BE590F1AA6B75D001811D9 /* MoneyEntity.h */ = {isa = PBXFileReference; fileEncoding = 4; lastKnownFileType = sourcecode.c.h; path = MoneyEntity.h; sourceTree = "<group>"; };
		58BE59101AA6B75D001811D9 /* MoneyEntity.m */ = {isa = PBXFileReference; fileEncoding = 4; lastKnownFileType = sourcecode.c.objc; path = MoneyEntity.m; sourceTree = "<group>"; };
		58E850661AA012F10095DDC7 /* ServiceRequest.h */ = {isa = PBXFileReference; fileEncoding = 4; lastKnownFileType = sourcecode.c.h; path = ServiceRequest.h; sourceTree = "<group>"; };
		58E850671AA012F10095DDC7 /* ServiceRequest.m */ = {isa = PBXFileReference; fileEncoding = 4; lastKnownFileType = sourcecode.c.objc; path = ServiceRequest.m; sourceTree = "<group>"; };
		58E850691AA0138F0095DDC7 /* AppleDeviceIdSearchViewController.h */ = {isa = PBXFileReference; fileEncoding = 4; lastKnownFileType = sourcecode.c.h; path = AppleDeviceIdSearchViewController.h; sourceTree = "<group>"; };
		58E8506A1AA0138F0095DDC7 /* AppleDeviceIdSearchViewController.m */ = {isa = PBXFileReference; fileEncoding = 4; lastKnownFileType = sourcecode.c.objc; path = AppleDeviceIdSearchViewController.m; sourceTree = "<group>"; };
		58E8506B1AA0138F0095DDC7 /* AppleDeviceIdSearchViewController.xib */ = {isa = PBXFileReference; fileEncoding = 4; lastKnownFileType = file.xib; path = AppleDeviceIdSearchViewController.xib; sourceTree = "<group>"; };
		58E8506F1AA01AF90095DDC7 /* ServiceResult.h */ = {isa = PBXFileReference; fileEncoding = 4; lastKnownFileType = sourcecode.c.h; path = ServiceResult.h; sourceTree = "<group>"; };
		58E850701AA01AF90095DDC7 /* ServiceResult.m */ = {isa = PBXFileReference; fileEncoding = 4; lastKnownFileType = sourcecode.c.objc; path = ServiceResult.m; sourceTree = "<group>"; };
		58E850721AA01BFC0095DDC7 /* AppleInfo.h */ = {isa = PBXFileReference; fileEncoding = 4; lastKnownFileType = sourcecode.c.h; path = AppleInfo.h; sourceTree = "<group>"; };
		58E850731AA01BFC0095DDC7 /* AppleInfo.m */ = {isa = PBXFileReference; fileEncoding = 4; lastKnownFileType = sourcecode.c.objc; path = AppleInfo.m; sourceTree = "<group>"; };
		58EACBA91AA03935006D5226 /* zh-Hans */ = {isa = PBXFileReference; lastKnownFileType = text.plist.strings; name = "zh-Hans"; path = "zh-Hans.lproj/Main.strings"; sourceTree = "<group>"; };
		58EACBAA1AA03EC0006D5226 /* IDCardInfo.h */ = {isa = PBXFileReference; fileEncoding = 4; lastKnownFileType = sourcecode.c.h; path = IDCardInfo.h; sourceTree = "<group>"; };
		58EACBAB1AA03EC0006D5226 /* IDCardInfo.m */ = {isa = PBXFileReference; fileEncoding = 4; lastKnownFileType = sourcecode.c.objc; path = IDCardInfo.m; sourceTree = "<group>"; };
		58EE96C01AA84BBF00E35B51 /* UserCarSearchInfo.h */ = {isa = PBXFileReference; fileEncoding = 4; lastKnownFileType = sourcecode.c.h; path = UserCarSearchInfo.h; sourceTree = "<group>"; };
		58EE96C11AA84BBF00E35B51 /* UserCarSearchInfo.m */ = {isa = PBXFileReference; fileEncoding = 4; lastKnownFileType = sourcecode.c.objc; path = UserCarSearchInfo.m; sourceTree = "<group>"; };
		58F0E72B9B42457CCBECBA37 /* Pods.debug.xcconfig */ = {isa = PBXFileReference; includeInIndex = 1; lastKnownFileType = text.xcconfig; name = Pods.debug.xcconfig; path = "Pods/Target Support Files/Pods/Pods.debug.xcconfig"; sourceTree = "<group>"; };
		72246A8492C30BA8BF7446FE /* Pods.release.xcconfig */ = {isa = PBXFileReference; includeInIndex = 1; lastKnownFileType = text.xcconfig; name = Pods.release.xcconfig; path = "Pods/Target Support Files/Pods/Pods.release.xcconfig"; sourceTree = "<group>"; };
		972A6AE0556F180352DA1B54 /* libPods.a */ = {isa = PBXFileReference; explicitFileType = archive.ar; includeInIndex = 0; path = libPods.a; sourceTree = BUILT_PRODUCTS_DIR; };
/* End PBXFileReference section */

/* Begin PBXFrameworksBuildPhase section */
		5817F11C1A9D7BDB00B3A0A1 /* Frameworks */ = {
			isa = PBXFrameworksBuildPhase;
			buildActionMask = 2147483647;
			files = (
				71078482F10AF41A8AF80980 /* libPods.a in Frameworks */,
			);
			runOnlyForDeploymentPostprocessing = 0;
		};
		5817F1351A9D7BDB00B3A0A1 /* Frameworks */ = {
			isa = PBXFrameworksBuildPhase;
			buildActionMask = 2147483647;
			files = (
			);
			runOnlyForDeploymentPostprocessing = 0;
		};
/* End PBXFrameworksBuildPhase section */

/* Begin PBXGroup section */
		5817F1161A9D7BDB00B3A0A1 = {
			isa = PBXGroup;
			children = (
				5817F1211A9D7BDB00B3A0A1 /* PocketTools */,
				5817F13B1A9D7BDB00B3A0A1 /* PocketToolsTests */,
				5817F1201A9D7BDB00B3A0A1 /* Products */,
				C44AF63B3CF794A8E4759D23 /* Pods */,
				6330700DAAF1D5AC645F85AC /* Frameworks */,
			);
			sourceTree = "<group>";
		};
		5817F1201A9D7BDB00B3A0A1 /* Products */ = {
			isa = PBXGroup;
			children = (
				5817F11F1A9D7BDB00B3A0A1 /* PocketTools.app */,
				5817F1381A9D7BDB00B3A0A1 /* PocketToolsTests.xctest */,
			);
			name = Products;
			sourceTree = "<group>";
		};
		5817F1211A9D7BDB00B3A0A1 /* PocketTools */ = {
			isa = PBXGroup;
			children = (
				5845D8581AA5597F0007E4D8 /* Tools */,
				58E8506E1AA01AD00095DDC7 /* Entity */,
				58E850651AA012DF0095DDC7 /* Service */,
				58E8505D1AA012AC0095DDC7 /* Library */,
				58E850541AA010980095DDC7 /* Tools */,
				5817F1261A9D7BDB00B3A0A1 /* AppDelegate.h */,
				5817F1271A9D7BDB00B3A0A1 /* AppDelegate.m */,
				5817F1291A9D7BDB00B3A0A1 /* MainViewController.h */,
				5817F12A1A9D7BDB00B3A0A1 /* MainViewController.m */,
				5817F12C1A9D7BDB00B3A0A1 /* Main.storyboard */,
				5817F12F1A9D7BDB00B3A0A1 /* Images.xcassets */,
				5817F1221A9D7BDB00B3A0A1 /* Supporting Files */,
			);
			path = PocketTools;
			sourceTree = "<group>";
		};
		5817F1221A9D7BDB00B3A0A1 /* Supporting Files */ = {
			isa = PBXGroup;
			children = (
				5817F1231A9D7BDB00B3A0A1 /* Info.plist */,
				5817F1241A9D7BDB00B3A0A1 /* main.m */,
				588A3DE41AA4428300EB1066 /* AppList.plist */,
				5845D84F1AA547F60007E4D8 /* PocketTools.pch */,
			);
			name = "Supporting Files";
			sourceTree = "<group>";
		};
		5817F13B1A9D7BDB00B3A0A1 /* PocketToolsTests */ = {
			isa = PBXGroup;
			children = (
				5817F13E1A9D7BDB00B3A0A1 /* PocketToolsTests.m */,
				5817F13C1A9D7BDB00B3A0A1 /* Supporting Files */,
			);
			path = PocketToolsTests;
			sourceTree = "<group>";
		};
		5817F13C1A9D7BDB00B3A0A1 /* Supporting Files */ = {
			isa = PBXGroup;
			children = (
				5817F13D1A9D7BDB00B3A0A1 /* Info.plist */,
			);
			name = "Supporting Files";
			sourceTree = "<group>";
		};
		5845D8581AA5597F0007E4D8 /* Tools */ = {
			isa = PBXGroup;
			children = (
				5847F4241AA5A2BA00A57896 /* CCLocation */,
				5845D8591AA559A10007E4D8 /* CalculatorTools.h */,
				5845D85A1AA559A10007E4D8 /* CalculatorTools.m */,
			);
			name = Tools;
			sourceTree = "<group>";
		};
		5847F4241AA5A2BA00A57896 /* CCLocation */ = {
			isa = PBXGroup;
			children = (
				5847F4251AA5A2BA00A57896 /* CCLocationManager.h */,
				5847F4261AA5A2BA00A57896 /* CCLocationManager.m */,
			);
			path = CCLocation;
			sourceTree = "<group>";
		};
		58E850541AA010980095DDC7 /* Tools */ = {
			isa = PBXGroup;
			children = (
				58E850691AA0138F0095DDC7 /* AppleDeviceIdSearchViewController.h */,
				58E8506A1AA0138F0095DDC7 /* AppleDeviceIdSearchViewController.m */,
				58E8506B1AA0138F0095DDC7 /* AppleDeviceIdSearchViewController.xib */,
				589446971AA15A52004BEE7B /* CalculatorViewController.h */,
				589446981AA15A52004BEE7B /* CalculatorViewController.m */,
				589446991AA15A52004BEE7B /* CalculatorViewController.xib */,
				588A3DE61AA45A4E00EB1066 /* FlashViewController.h */,
				588A3DE71AA45A4E00EB1066 /* FlashViewController.m */,
				588A3DE81AA45A4E00EB1066 /* FlashViewController.xib */,
				588A3DEB1AA45CAE00EB1066 /* RullerViewController.h */,
				588A3DEC1AA45CAE00EB1066 /* RullerViewController.m */,
				588A3DED1AA45CAE00EB1066 /* RullerViewController.xib */,
				588A3DF01AA4609400EB1066 /* NewsViewController.h */,
				588A3DF11AA4609400EB1066 /* NewsViewController.m */,
				588A3DF21AA4609400EB1066 /* NewsViewController.xib */,
				588A3DF51AA462C200EB1066 /* ParkViewController.h */,
				588A3DF61AA462C200EB1066 /* ParkViewController.m */,
				588A3DF71AA462C200EB1066 /* ParkViewController.xib */,
				5845D8531AA54A420007E4D8 /* PhoneSearchViewController.h */,
				5845D8541AA54A420007E4D8 /* PhoneSearchViewController.m */,
				5845D8551AA54A420007E4D8 /* PhoneSearchViewController.xib */,
				5845D85C1AA56ACB0007E4D8 /* SizesViewController.h */,
				5845D85D1AA56ACB0007E4D8 /* SizesViewController.m */,
				5845D85E1AA56ACB0007E4D8 /* SizesViewController.xib */,
				5847F41C1AA5994000A57896 /* TulingViewController.h */,
				5847F41D1AA5994000A57896 /* TulingViewController.m */,
				5847F41E1AA5994000A57896 /* TulingViewController.xib */,
				58BE59051AA6A60C001811D9 /* CarVioSearchViewController.h */,
				58BE59061AA6A60C001811D9 /* CarVioSearchViewController.m */,
				58BE59071AA6A60C001811D9 /* CarVioSearchViewController.xib */,
				585C829D1AA8284D00A98D16 /* CarVioResultViewController.h */,
				585C829E1AA8284D00A98D16 /* CarVioResultViewController.m */,
				585C829F1AA8284D00A98D16 /* CarVioResultViewController.xib */,
				58BE590A1AA6ABCD001811D9 /* ExchangeViewController.h */,
				58BE590B1AA6ABCD001811D9 /* ExchangeViewController.m */,
				58BE590C1AA6ABCD001811D9 /* ExchangeViewController.xib */,
				586C99F21AA6EDF100ACD2CF /* MoneyTableViewCell.h */,
				586C99F31AA6EDF100ACD2CF /* MoneyTableViewCell.m */,
				586C99F41AA6EDF100ACD2CF /* MoneyTableViewCell.xib */,
				586C99F71AA702F700ACD2CF /* MirrorViewController.h */,
				586C99F81AA702F700ACD2CF /* MirrorViewController.m */,
				586C99F91AA702F700ACD2CF /* MirrorViewController.xib */,
				1872F3A51AAAA9AA007F60BD /* PackageSearchViewController.h */,
				1872F3A61AAAA9AA007F60BD /* PackageSearchViewController.m */,
				1872F3A71AAAA9AA007F60BD /* PackageSearchViewController.xib */,
				1872F3AD1AAAD41A007F60BD /* PackageDetailViewController.h */,
				1872F3AE1AAAD41A007F60BD /* PackageDetailViewController.m */,
				1872F3AF1AAAD41A007F60BD /* PackageDetailViewController.xib */,
			);
			name = Tools;
			sourceTree = "<group>";
		};
		58E8505D1AA012AC0095DDC7 /* Library */ = {
			isa = PBXGroup;
			children = (
			);
			path = Library;
			sourceTree = "<group>";
		};
		58E850651AA012DF0095DDC7 /* Service */ = {
			isa = PBXGroup;
			children = (
				58E850661AA012F10095DDC7 /* ServiceRequest.h */,
				58E850671AA012F10095DDC7 /* ServiceRequest.m */,
			);
			name = Service;
			sourceTree = "<group>";
		};
		58E8506E1AA01AD00095DDC7 /* Entity */ = {
			isa = PBXGroup;
			children = (
				58E8506F1AA01AF90095DDC7 /* ServiceResult.h */,
				58E850701AA01AF90095DDC7 /* ServiceResult.m */,
				58E850721AA01BFC0095DDC7 /* AppleInfo.h */,
				58E850731AA01BFC0095DDC7 /* AppleInfo.m */,
				58EACBAA1AA03EC0006D5226 /* IDCardInfo.h */,
				58EACBAB1AA03EC0006D5226 /* IDCardInfo.m */,
				588BDBE31AA1A088009347CE /* IPInfo.h */,
				588BDBE41AA1A088009347CE /* IPInfo.m */,
				588A3DE11AA4312600EB1066 /* AppInfoEntity.h */,
				588A3DE21AA4312600EB1066 /* AppInfoEntity.m */,
				5845D8501AA5499D0007E4D8 /* PhoneInfo.h */,
				5845D8511AA5499D0007E4D8 /* PhoneInfo.m */,
				5847F4211AA59B0800A57896 /* RobotInfo.h */,
				5847F4221AA59B0800A57896 /* RobotInfo.m */,
				58BE590F1AA6B75D001811D9 /* MoneyEntity.h */,
				58BE59101AA6B75D001811D9 /* MoneyEntity.m */,
				585C82941AA7F7F800A98D16 /* ProvinceInfo.h */,
				585C82951AA7F7F800A98D16 /* ProvinceInfo.m */,
				585C82971AA7F91F00A98D16 /* CityInfo.h */,
				585C82981AA7F91F00A98D16 /* CityInfo.m */,
				585C829A1AA802D500A98D16 /* CarType.h */,
				585C829B1AA802D500A98D16 /* CarType.m */,
				585C82A21AA83C6100A98D16 /* WZInfo.h */,
				585C82A31AA83C6100A98D16 /* WZInfo.m */,
				585C82A51AA83CF000A98D16 /* WZDetailInfo.h */,
				585C82A61AA83CF000A98D16 /* WZDetailInfo.m */,
				58EE96C01AA84BBF00E35B51 /* UserCarSearchInfo.h */,
				58EE96C11AA84BBF00E35B51 /* UserCarSearchInfo.m */,
				1872F3AA1AAAD36E007F60BD /* PostInfo.h */,
				1872F3AB1AAAD36E007F60BD /* PostInfo.m */,
			);
			name = Entity;
			sourceTree = "<group>";
		};
		6330700DAAF1D5AC645F85AC /* Frameworks */ = {
			isa = PBXGroup;
			children = (
				972A6AE0556F180352DA1B54 /* libPods.a */,
			);
			name = Frameworks;
			sourceTree = "<group>";
		};
		C44AF63B3CF794A8E4759D23 /* Pods */ = {
			isa = PBXGroup;
			children = (
				58F0E72B9B42457CCBECBA37 /* Pods.debug.xcconfig */,
				72246A8492C30BA8BF7446FE /* Pods.release.xcconfig */,
			);
			name = Pods;
			sourceTree = "<group>";
		};
/* End PBXGroup section */

/* Begin PBXNativeTarget section */
		5817F11E1A9D7BDB00B3A0A1 /* PocketTools */ = {
			isa = PBXNativeTarget;
			buildConfigurationList = 5817F1421A9D7BDB00B3A0A1 /* Build configuration list for PBXNativeTarget "PocketTools" */;
			buildPhases = (
				3DCB0D799761570657C36637 /* Check Pods Manifest.lock */,
				5817F11B1A9D7BDB00B3A0A1 /* Sources */,
				5817F11C1A9D7BDB00B3A0A1 /* Frameworks */,
				5817F11D1A9D7BDB00B3A0A1 /* Resources */,
				38270B772C90DB248D51E13D /* Copy Pods Resources */,
			);
			buildRules = (
			);
			dependencies = (
			);
			name = PocketTools;
			productName = PocketTools;
			productReference = 5817F11F1A9D7BDB00B3A0A1 /* PocketTools.app */;
			productType = "com.apple.product-type.application";
		};
		5817F1371A9D7BDB00B3A0A1 /* PocketToolsTests */ = {
			isa = PBXNativeTarget;
			buildConfigurationList = 5817F1451A9D7BDB00B3A0A1 /* Build configuration list for PBXNativeTarget "PocketToolsTests" */;
			buildPhases = (
				5817F1341A9D7BDB00B3A0A1 /* Sources */,
				5817F1351A9D7BDB00B3A0A1 /* Frameworks */,
				5817F1361A9D7BDB00B3A0A1 /* Resources */,
			);
			buildRules = (
			);
			dependencies = (
				5817F13A1A9D7BDB00B3A0A1 /* PBXTargetDependency */,
			);
			name = PocketToolsTests;
			productName = PocketToolsTests;
			productReference = 5817F1381A9D7BDB00B3A0A1 /* PocketToolsTests.xctest */;
			productType = "com.apple.product-type.bundle.unit-test";
		};
/* End PBXNativeTarget section */

/* Begin PBXProject section */
		5817F1171A9D7BDB00B3A0A1 /* Project object */ = {
			isa = PBXProject;
			attributes = {
				LastUpgradeCheck = 0610;
				ORGANIZATIONNAME = yc;
				TargetAttributes = {
					5817F11E1A9D7BDB00B3A0A1 = {
						CreatedOnToolsVersion = 6.1.1;
					};
					5817F1371A9D7BDB00B3A0A1 = {
						CreatedOnToolsVersion = 6.1.1;
						TestTargetID = 5817F11E1A9D7BDB00B3A0A1;
					};
				};
			};
			buildConfigurationList = 5817F11A1A9D7BDB00B3A0A1 /* Build configuration list for PBXProject "PocketTools" */;
			compatibilityVersion = "Xcode 3.2";
			developmentRegion = English;
			hasScannedForEncodings = 0;
			knownRegions = (
				en,
				Base,
			);
			mainGroup = 5817F1161A9D7BDB00B3A0A1;
			productRefGroup = 5817F1201A9D7BDB00B3A0A1 /* Products */;
			projectDirPath = "";
			projectRoot = "";
			targets = (
				5817F11E1A9D7BDB00B3A0A1 /* PocketTools */,
				5817F1371A9D7BDB00B3A0A1 /* PocketToolsTests */,
			);
		};
/* End PBXProject section */

/* Begin PBXResourcesBuildPhase section */
		5817F11D1A9D7BDB00B3A0A1 /* Resources */ = {
			isa = PBXResourcesBuildPhase;
			buildActionMask = 2147483647;
			files = (
				588A3DF91AA462C200EB1066 /* ParkViewController.xib in Resources */,
				58BE59091AA6A60C001811D9 /* CarVioSearchViewController.xib in Resources */,
				5817F12E1A9D7BDB00B3A0A1 /* Main.storyboard in Resources */,
				1872F3B11AAAD41A007F60BD /* PackageDetailViewController.xib in Resources */,
				586C99FB1AA702F700ACD2CF /* MirrorViewController.xib in Resources */,
				588A3DE51AA4428300EB1066 /* AppList.plist in Resources */,
				1872F3A91AAAA9AA007F60BD /* PackageSearchViewController.xib in Resources */,
				5847F4201AA5994000A57896 /* TulingViewController.xib in Resources */,
				58BE590E1AA6ABCD001811D9 /* ExchangeViewController.xib in Resources */,
				5845D8571AA54A420007E4D8 /* PhoneSearchViewController.xib in Resources */,
				58E8506D1AA0138F0095DDC7 /* AppleDeviceIdSearchViewController.xib in Resources */,
				588A3DF41AA4609400EB1066 /* NewsViewController.xib in Resources */,
				588A3DEF1AA45CAE00EB1066 /* RullerViewController.xib in Resources */,
				588A3DEA1AA45A4E00EB1066 /* FlashViewController.xib in Resources */,
				5817F1301A9D7BDB00B3A0A1 /* Images.xcassets in Resources */,
				5845D8601AA56ACB0007E4D8 /* SizesViewController.xib in Resources */,
				5894469B1AA15A52004BEE7B /* CalculatorViewController.xib in Resources */,
				585C82A11AA8284D00A98D16 /* CarVioResultViewController.xib in Resources */,
				586C99F61AA6EDF100ACD2CF /* MoneyTableViewCell.xib in Resources */,
			);
			runOnlyForDeploymentPostprocessing = 0;
		};
		5817F1361A9D7BDB00B3A0A1 /* Resources */ = {
			isa = PBXResourcesBuildPhase;
			buildActionMask = 2147483647;
			files = (
			);
			runOnlyForDeploymentPostprocessing = 0;
		};
/* End PBXResourcesBuildPhase section */

/* Begin PBXShellScriptBuildPhase section */
		38270B772C90DB248D51E13D /* Copy Pods Resources */ = {
			isa = PBXShellScriptBuildPhase;
			buildActionMask = 2147483647;
			files = (
			);
			inputPaths = (
			);
			name = "Copy Pods Resources";
			outputPaths = (
			);
			runOnlyForDeploymentPostprocessing = 0;
			shellPath = /bin/sh;
			shellScript = "\"${SRCROOT}/Pods/Target Support Files/Pods/Pods-resources.sh\"\n";
			showEnvVarsInLog = 0;
		};
		3DCB0D799761570657C36637 /* Check Pods Manifest.lock */ = {
			isa = PBXShellScriptBuildPhase;
			buildActionMask = 2147483647;
			files = (
			);
			inputPaths = (
			);
			name = "Check Pods Manifest.lock";
			outputPaths = (
			);
			runOnlyForDeploymentPostprocessing = 0;
			shellPath = /bin/sh;
			shellScript = "diff \"${PODS_ROOT}/../Podfile.lock\" \"${PODS_ROOT}/Manifest.lock\" > /dev/null\nif [[ $? != 0 ]] ; then\n    cat << EOM\nerror: The sandbox is not in sync with the Podfile.lock. Run 'pod install' or update your CocoaPods installation.\nEOM\n    exit 1\nfi\n";
			showEnvVarsInLog = 0;
		};
/* End PBXShellScriptBuildPhase section */

/* Begin PBXSourcesBuildPhase section */
		5817F11B1A9D7BDB00B3A0A1 /* Sources */ = {
			isa = PBXSourcesBuildPhase;
			buildActionMask = 2147483647;
			files = (
				585C82A41AA83C6100A98D16 /* WZInfo.m in Sources */,
				5817F12B1A9D7BDB00B3A0A1 /* MainViewController.m in Sources */,
				588A3DEE1AA45CAE00EB1066 /* RullerViewController.m in Sources */,
				585C829C1AA802D500A98D16 /* CarType.m in Sources */,
				58BE59111AA6B75D001811D9 /* MoneyEntity.m in Sources */,
				58E850681AA012F10095DDC7 /* ServiceRequest.m in Sources */,
				58BE59081AA6A60C001811D9 /* CarVioSearchViewController.m in Sources */,
				1872F3A81AAAA9AA007F60BD /* PackageSearchViewController.m in Sources */,
				588A3DE31AA4312600EB1066 /* AppInfoEntity.m in Sources */,
				1872F3B01AAAD41A007F60BD /* PackageDetailViewController.m in Sources */,
				5847F4271AA5A2BA00A57896 /* CCLocationManager.m in Sources */,
				5894469A1AA15A52004BEE7B /* CalculatorViewController.m in Sources */,
				1872F3AC1AAAD36E007F60BD /* PostInfo.m in Sources */,
				58EACBAC1AA03EC0006D5226 /* IDCardInfo.m in Sources */,
				588A3DE91AA45A4E00EB1066 /* FlashViewController.m in Sources */,
				5847F41F1AA5994000A57896 /* TulingViewController.m in Sources */,
				58E850741AA01BFC0095DDC7 /* AppleInfo.m in Sources */,
				5845D85F1AA56ACB0007E4D8 /* SizesViewController.m in Sources */,
				58EE96C21AA84BBF00E35B51 /* UserCarSearchInfo.m in Sources */,
				58E8506C1AA0138F0095DDC7 /* AppleDeviceIdSearchViewController.m in Sources */,
				58BE590D1AA6ABCD001811D9 /* ExchangeViewController.m in Sources */,
				588BDBE51AA1A088009347CE /* IPInfo.m in Sources */,
				586C99F51AA6EDF100ACD2CF /* MoneyTableViewCell.m in Sources */,
				5817F1281A9D7BDB00B3A0A1 /* AppDelegate.m in Sources */,
				586C99FA1AA702F700ACD2CF /* MirrorViewController.m in Sources */,
				58E850711AA01AF90095DDC7 /* ServiceResult.m in Sources */,
				5845D8521AA5499D0007E4D8 /* PhoneInfo.m in Sources */,
				585C82A01AA8284D00A98D16 /* CarVioResultViewController.m in Sources */,
				5845D85B1AA559A10007E4D8 /* CalculatorTools.m in Sources */,
				585C82991AA7F91F00A98D16 /* CityInfo.m in Sources */,
				585C82A71AA83CF000A98D16 /* WZDetailInfo.m in Sources */,
				5847F4231AA59B0800A57896 /* RobotInfo.m in Sources */,
				585C82961AA7F7F800A98D16 /* ProvinceInfo.m in Sources */,
				5817F1251A9D7BDB00B3A0A1 /* main.m in Sources */,
				588A3DF31AA4609400EB1066 /* NewsViewController.m in Sources */,
				5845D8561AA54A420007E4D8 /* PhoneSearchViewController.m in Sources */,
				588A3DF81AA462C200EB1066 /* ParkViewController.m in Sources */,
			);
			runOnlyForDeploymentPostprocessing = 0;
		};
		5817F1341A9D7BDB00B3A0A1 /* Sources */ = {
			isa = PBXSourcesBuildPhase;
			buildActionMask = 2147483647;
			files = (
				5817F13F1A9D7BDB00B3A0A1 /* PocketToolsTests.m in Sources */,
			);
			runOnlyForDeploymentPostprocessing = 0;
		};
/* End PBXSourcesBuildPhase section */

/* Begin PBXTargetDependency section */
		5817F13A1A9D7BDB00B3A0A1 /* PBXTargetDependency */ = {
			isa = PBXTargetDependency;
			target = 5817F11E1A9D7BDB00B3A0A1 /* PocketTools */;
			targetProxy = 5817F1391A9D7BDB00B3A0A1 /* PBXContainerItemProxy */;
		};
/* End PBXTargetDependency section */

/* Begin PBXVariantGroup section */
		5817F12C1A9D7BDB00B3A0A1 /* Main.storyboard */ = {
			isa = PBXVariantGroup;
			children = (
				5817F12D1A9D7BDB00B3A0A1 /* Base */,
				58EACBA91AA03935006D5226 /* zh-Hans */,
			);
			name = Main.storyboard;
			sourceTree = "<group>";
		};
/* End PBXVariantGroup section */

/* Begin XCBuildConfiguration section */
		5817F1401A9D7BDB00B3A0A1 /* Debug */ = {
			isa = XCBuildConfiguration;
			buildSettings = {
				ALWAYS_SEARCH_USER_PATHS = NO;
				CLANG_CXX_LANGUAGE_STANDARD = "gnu++0x";
				CLANG_CXX_LIBRARY = "libc++";
				CLANG_ENABLE_MODULES = YES;
				CLANG_ENABLE_OBJC_ARC = YES;
				CLANG_WARN_BOOL_CONVERSION = YES;
				CLANG_WARN_CONSTANT_CONVERSION = YES;
				CLANG_WARN_DIRECT_OBJC_ISA_USAGE = YES_ERROR;
				CLANG_WARN_EMPTY_BODY = YES;
				CLANG_WARN_ENUM_CONVERSION = YES;
				CLANG_WARN_INT_CONVERSION = YES;
				CLANG_WARN_OBJC_ROOT_CLASS = YES_ERROR;
				CLANG_WARN_UNREACHABLE_CODE = YES;
				CLANG_WARN__DUPLICATE_METHOD_MATCH = YES;
				"CODE_SIGN_IDENTITY[sdk=iphoneos*]" = "iPhone Developer";
				COPY_PHASE_STRIP = NO;
				ENABLE_STRICT_OBJC_MSGSEND = YES;
				GCC_C_LANGUAGE_STANDARD = gnu99;
				GCC_DYNAMIC_NO_PIC = NO;
				GCC_OPTIMIZATION_LEVEL = 0;
				GCC_PREPROCESSOR_DEFINITIONS = (
					"DEBUG=1",
					"$(inherited)",
				);
				GCC_SYMBOLS_PRIVATE_EXTERN = NO;
				GCC_WARN_64_TO_32_BIT_CONVERSION = YES;
				GCC_WARN_ABOUT_RETURN_TYPE = YES_ERROR;
				GCC_WARN_UNDECLARED_SELECTOR = YES;
				GCC_WARN_UNINITIALIZED_AUTOS = YES_AGGRESSIVE;
				GCC_WARN_UNUSED_FUNCTION = YES;
				GCC_WARN_UNUSED_VARIABLE = YES;
				IPHONEOS_DEPLOYMENT_TARGET = 8.1;
				MTL_ENABLE_DEBUG_INFO = YES;
				ONLY_ACTIVE_ARCH = YES;
				SDKROOT = iphoneos;
			};
			name = Debug;
		};
		5817F1411A9D7BDB00B3A0A1 /* Release */ = {
			isa = XCBuildConfiguration;
			buildSettings = {
				ALWAYS_SEARCH_USER_PATHS = NO;
				CLANG_CXX_LANGUAGE_STANDARD = "gnu++0x";
				CLANG_CXX_LIBRARY = "libc++";
				CLANG_ENABLE_MODULES = YES;
				CLANG_ENABLE_OBJC_ARC = YES;
				CLANG_WARN_BOOL_CONVERSION = YES;
				CLANG_WARN_CONSTANT_CONVERSION = YES;
				CLANG_WARN_DIRECT_OBJC_ISA_USAGE = YES_ERROR;
				CLANG_WARN_EMPTY_BODY = YES;
				CLANG_WARN_ENUM_CONVERSION = YES;
				CLANG_WARN_INT_CONVERSION = YES;
				CLANG_WARN_OBJC_ROOT_CLASS = YES_ERROR;
				CLANG_WARN_UNREACHABLE_CODE = YES;
				CLANG_WARN__DUPLICATE_METHOD_MATCH = YES;
				"CODE_SIGN_IDENTITY[sdk=iphoneos*]" = "iPhone Developer";
				COPY_PHASE_STRIP = YES;
				ENABLE_NS_ASSERTIONS = NO;
				ENABLE_STRICT_OBJC_MSGSEND = YES;
				GCC_C_LANGUAGE_STANDARD = gnu99;
				GCC_WARN_64_TO_32_BIT_CONVERSION = YES;
				GCC_WARN_ABOUT_RETURN_TYPE = YES_ERROR;
				GCC_WARN_UNDECLARED_SELECTOR = YES;
				GCC_WARN_UNINITIALIZED_AUTOS = YES_AGGRESSIVE;
				GCC_WARN_UNUSED_FUNCTION = YES;
				GCC_WARN_UNUSED_VARIABLE = YES;
				IPHONEOS_DEPLOYMENT_TARGET = 8.1;
				MTL_ENABLE_DEBUG_INFO = NO;
				SDKROOT = iphoneos;
				VALIDATE_PRODUCT = YES;
			};
			name = Release;
		};
		5817F1431A9D7BDB00B3A0A1 /* Debug */ = {
			isa = XCBuildConfiguration;
			baseConfigurationReference = 58F0E72B9B42457CCBECBA37 /* Pods.debug.xcconfig */;
			buildSettings = {
				ASSETCATALOG_COMPILER_APPICON_NAME = AppIcon;
				ASSETCATALOG_COMPILER_LAUNCHIMAGE_NAME = LaunchImage;
				GCC_PREFIX_HEADER = PocketTools/PocketTools.pch;
				INFOPLIST_FILE = PocketTools/Info.plist;
				IPHONEOS_DEPLOYMENT_TARGET = 7.0;
				LD_RUNPATH_SEARCH_PATHS = "$(inherited) @executable_path/Frameworks";
				LIBRARY_SEARCH_PATHS = (
					"$(inherited)",
					"$(PROJECT_DIR)/PocketTools/Library/JuheApisSDK",
				);
				PRODUCT_NAME = "$(TARGET_NAME)";
			};
			name = Debug;
		};
		5817F1441A9D7BDB00B3A0A1 /* Release */ = {
			isa = XCBuildConfiguration;
			baseConfigurationReference = 72246A8492C30BA8BF7446FE /* Pods.release.xcconfig */;
			buildSettings = {
				ASSETCATALOG_COMPILER_APPICON_NAME = AppIcon;
				ASSETCATALOG_COMPILER_LAUNCHIMAGE_NAME = LaunchImage;
				GCC_PREFIX_HEADER = PocketTools/PocketTools.pch;
				INFOPLIST_FILE = PocketTools/Info.plist;
				IPHONEOS_DEPLOYMENT_TARGET = 7.0;
				LD_RUNPATH_SEARCH_PATHS = "$(inherited) @executable_path/Frameworks";
				LIBRARY_SEARCH_PATHS = (
					"$(inherited)",
					"$(PROJECT_DIR)/PocketTools/Library/JuheApisSDK",
				);
				PRODUCT_NAME = "$(TARGET_NAME)";
			};
			name = Release;
		};
		5817F1461A9D7BDB00B3A0A1 /* Debug */ = {
			isa = XCBuildConfiguration;
			buildSettings = {
				BUNDLE_LOADER = "$(TEST_HOST)";
				FRAMEWORK_SEARCH_PATHS = (
					"$(SDKROOT)/Developer/Library/Frameworks",
					"$(inherited)",
				);
				GCC_PREPROCESSOR_DEFINITIONS = (
					"DEBUG=1",
					"$(inherited)",
				);
				INFOPLIST_FILE = PocketToolsTests/Info.plist;
				LD_RUNPATH_SEARCH_PATHS = "$(inherited) @executable_path/Frameworks @loader_path/Frameworks";
				PRODUCT_NAME = "$(TARGET_NAME)";
				TEST_HOST = "$(BUILT_PRODUCTS_DIR)/PocketTools.app/PocketTools";
			};
			name = Debug;
		};
		5817F1471A9D7BDB00B3A0A1 /* Release */ = {
			isa = XCBuildConfiguration;
			buildSettings = {
				BUNDLE_LOADER = "$(TEST_HOST)";
				FRAMEWORK_SEARCH_PATHS = (
					"$(SDKROOT)/Developer/Library/Frameworks",
					"$(inherited)",
				);
				INFOPLIST_FILE = PocketToolsTests/Info.plist;
				LD_RUNPATH_SEARCH_PATHS = "$(inherited) @executable_path/Frameworks @loader_path/Frameworks";
				PRODUCT_NAME = "$(TARGET_NAME)";
				TEST_HOST = "$(BUILT_PRODUCTS_DIR)/PocketTools.app/PocketTools";
			};
			name = Release;
		};
/* End XCBuildConfiguration section */

/* Begin XCConfigurationList section */
		5817F11A1A9D7BDB00B3A0A1 /* Build configuration list for PBXProject "PocketTools" */ = {
			isa = XCConfigurationList;
			buildConfigurations = (
				5817F1401A9D7BDB00B3A0A1 /* Debug */,
				5817F1411A9D7BDB00B3A0A1 /* Release */,
			);
			defaultConfigurationIsVisible = 0;
			defaultConfigurationName = Release;
		};
		5817F1421A9D7BDB00B3A0A1 /* Build configuration list for PBXNativeTarget "PocketTools" */ = {
			isa = XCConfigurationList;
			buildConfigurations = (
				5817F1431A9D7BDB00B3A0A1 /* Debug */,
				5817F1441A9D7BDB00B3A0A1 /* Release */,
			);
			defaultConfigurationIsVisible = 0;
			defaultConfigurationName = Release;
		};
		5817F1451A9D7BDB00B3A0A1 /* Build configuration list for PBXNativeTarget "PocketToolsTests" */ = {
			isa = XCConfigurationList;
			buildConfigurations = (
				5817F1461A9D7BDB00B3A0A1 /* Debug */,
				5817F1471A9D7BDB00B3A0A1 /* Release */,
			);
			defaultConfigurationIsVisible = 0;
			defaultConfigurationName = Release;
		};
/* End XCConfigurationList section */
	};
	rootObject = 5817F1171A9D7BDB00B3A0A1 /* Project object */;
}
